
Microsoft Visual Studio Solution File, Format Version 12.00
# Visual Studio Version 17
VisualStudioVersion = 17.8.34525.116
MinimumVisualStudioVersion = 10.0.40219.1
Project("{FAE04EC0-301F-11D3-BF4B-00C04F79EFBC}") = "WGestionDeBiblioteca", "WGestionDeBiblioteca\WGestionDeBiblioteca.csproj", "{C683DC99-434F-4E9A-9A0E-5E9F85E82BDA}"
EndProject
Global
	GlobalSection(SolutionConfigurationPlatforms) = preSolution
		Debug|Any CPU = Debug|Any CPU
		Release|Any CPU = Release|Any CPU
	EndGlobalSection
	GlobalSection(ProjectConfigurationPlatforms) = postSolution
		{C683DC99-434F-4E9A-9A0E-5E9F85E82BDA}.Debug|Any CPU.ActiveCfg = Debug|Any CPU
		{C683DC99-434F-4E9A-9A0E-5E9F85E82BDA}.Debug|Any CPU.Build.0 = Debug|Any CPU
		{C683DC99-434F-4E9A-9A0E-5E9F85E82BDA}.Release|Any CPU.ActiveCfg = Release|Any CPU
		{C683DC99-434F-4E9A-9A0E-5E9F85E82BDA}.Release|Any CPU.Build.0 = Release|Any CPU
	EndGlobalSection
	GlobalSection(SolutionProperties) = preSolution
		HideSolutionNode = FALSE
	EndGlobalSection
	GlobalSection(ExtensibilityGlobals) = postSolution
		SolutionGuid = {FA8C7D73-178F-43C9-AA50-6BDBF573A493}
	EndGlobalSection
EndGlobal
